
Microsoft Visual Studio Solution File, Format Version 12.00
# Visual Studio Version 17
VisualStudioVersion = 17.11.35222.181
MinimumVisualStudioVersion = 10.0.40219.1
Project("{FAE04EC0-301F-11D3-BF4B-00C04F79EFBC}") = "sdonboarding.Server", "sdonboarding.Server\sdonboarding.Server.csproj", "{96000CF4-48C2-40B8-99FB-A31E5EC9FB3A}"
EndProject
Project("{54A90642-561A-4BB1-A94E-469ADEE60C69}") = "sdonboarding.client", "sdonboarding.client\sdonboarding.client.esproj", "{0A7DCA5D-4EBE-42CB-A2E4-8FD2B6493090}"
EndProject
Global
	GlobalSection(SolutionConfigurationPlatforms) = preSolution
		Debug|Any CPU = Debug|Any CPU
		Release|Any CPU = Release|Any CPU
	EndGlobalSection
	GlobalSection(ProjectConfigurationPlatforms) = postSolution
		{96000CF4-48C2-40B8-99FB-A31E5EC9FB3A}.Debug|Any CPU.ActiveCfg = Debug|Any CPU
		{96000CF4-48C2-40B8-99FB-A31E5EC9FB3A}.Debug|Any CPU.Build.0 = Debug|Any CPU
		{96000CF4-48C2-40B8-99FB-A31E5EC9FB3A}.Release|Any CPU.ActiveCfg = Release|Any CPU
		{96000CF4-48C2-40B8-99FB-A31E5EC9FB3A}.Release|Any CPU.Build.0 = Release|Any CPU
		{0A7DCA5D-4EBE-42CB-A2E4-8FD2B6493090}.Debug|Any CPU.ActiveCfg = Debug|Any CPU
		{0A7DCA5D-4EBE-42CB-A2E4-8FD2B6493090}.Debug|Any CPU.Build.0 = Debug|Any CPU
		{0A7DCA5D-4EBE-42CB-A2E4-8FD2B6493090}.Debug|Any CPU.Deploy.0 = Debug|Any CPU
		{0A7DCA5D-4EBE-42CB-A2E4-8FD2B6493090}.Release|Any CPU.ActiveCfg = Release|Any CPU
		{0A7DCA5D-4EBE-42CB-A2E4-8FD2B6493090}.Release|Any CPU.Build.0 = Release|Any CPU
		{0A7DCA5D-4EBE-42CB-A2E4-8FD2B6493090}.Release|Any CPU.Deploy.0 = Release|Any CPU
	EndGlobalSection
	GlobalSection(SolutionProperties) = preSolution
		HideSolutionNode = FALSE
	EndGlobalSection
	GlobalSection(ExtensibilityGlobals) = postSolution
		SolutionGuid = {FAD874A2-3CEA-4D72-8516-572D2ED71BAB}
	EndGlobalSection
EndGlobal
